
Microsoft Visual Studio Solution File, Format Version 12.00
# Visual Studio Version 17
VisualStudioVersion = 17.0.31903.59
MinimumVisualStudioVersion = 10.0.40219.1
Project("{2150E333-8FDC-42A3-9474-1A3956D46DE8}") = "src", "src", "{827E0CD3-B72D-47B6-A68D-7590B98EB39B}"
EndProject
Project("{FAE04EC0-301F-11D3-BF4B-00C04F79EFBC}") = "OpsReconciliation.Core", "src\OpsReconciliation.Core\OpsReconciliation.Core.csproj", "{2479F724-1F04-4465-8911-64A34B35A45A}"
EndProject
Project("{FAE04EC0-301F-11D3-BF4B-00C04F79EFBC}") = "OpsReconciliation.Api", "src\OpsReconciliation.Api\OpsReconciliation.Api.csproj", "{742D14DA-4D3D-4CFC-8BE9-0922B74EABD2}"
EndProject
Project("{2150E333-8FDC-42A3-9474-1A3956D46DE8}") = "tests", "tests", "{0AB3BF05-4346-4AA6-1389-037BE0695223}"
EndProject
Project("{FAE04EC0-301F-11D3-BF4B-00C04F79EFBC}") = "OpsReconciliation.Tests", "tests\OpsReconciliation.Tests\OpsReconciliation.Tests.csproj", "{7C15362B-B557-40C8-9DBA-664B6322DE01}"
EndProject
Global
	GlobalSection(SolutionConfigurationPlatforms) = preSolution
		Debug|Any CPU = Debug|Any CPU
		Debug|x64 = Debug|x64
		Debug|x86 = Debug|x86
		Release|Any CPU = Release|Any CPU
		Release|x64 = Release|x64
		Release|x86 = Release|x86
	EndGlobalSection
	GlobalSection(ProjectConfigurationPlatforms) = postSolution
		{2479F724-1F04-4465-8911-64A34B35A45A}.Debug|Any CPU.ActiveCfg = Debug|Any CPU
		{2479F724-1F04-4465-8911-64A34B35A45A}.Debug|Any CPU.Build.0 = Debug|Any CPU
		{2479F724-1F04-4465-8911-64A34B35A45A}.Debug|x64.ActiveCfg = Debug|Any CPU
		{2479F724-1F04-4465-8911-64A34B35A45A}.Debug|x64.Build.0 = Debug|Any CPU
		{2479F724-1F04-4465-8911-64A34B35A45A}.Debug|x86.ActiveCfg = Debug|Any CPU
		{2479F724-1F04-4465-8911-64A34B35A45A}.Debug|x86.Build.0 = Debug|Any CPU
		{2479F724-1F04-4465-8911-64A34B35A45A}.Release|Any CPU.ActiveCfg = Release|Any CPU
		{2479F724-1F04-4465-8911-64A34B35A45A}.Release|Any CPU.Build.0 = Release|Any CPU
		{2479F724-1F04-4465-8911-64A34B35A45A}.Release|x64.ActiveCfg = Release|Any CPU
		{2479F724-1F04-4465-8911-64A34B35A45A}.Release|x64.Build.0 = Release|Any CPU
		{2479F724-1F04-4465-8911-64A34B35A45A}.Release|x86.ActiveCfg = Release|Any CPU
		{2479F724-1F04-4465-8911-64A34B35A45A}.Release|x86.Build.0 = Release|Any CPU
		{742D14DA-4D3D-4CFC-8BE9-0922B74EABD2}.Debug|Any CPU.ActiveCfg = Debug|Any CPU
		{742D14DA-4D3D-4CFC-8BE9-0922B74EABD2}.Debug|Any CPU.Build.0 = Debug|Any CPU
		{742D14DA-4D3D-4CFC-8BE9-0922B74EABD2}.Debug|x64.ActiveCfg = Debug|Any CPU
		{742D14DA-4D3D-4CFC-8BE9-0922B74EABD2}.Debug|x64.Build.0 = Debug|Any CPU
		{742D14DA-4D3D-4CFC-8BE9-0922B74EABD2}.Debug|x86.ActiveCfg = Debug|Any CPU
		{742D14DA-4D3D-4CFC-8BE9-0922B74EABD2}.Debug|x86.Build.0 = Debug|Any CPU
		{742D14DA-4D3D-4CFC-8BE9-0922B74EABD2}.Release|Any CPU.ActiveCfg = Release|Any CPU
		{742D14DA-4D3D-4CFC-8BE9-0922B74EABD2}.Release|Any CPU.Build.0 = Release|Any CPU
		{742D14DA-4D3D-4CFC-8BE9-0922B74EABD2}.Release|x64.ActiveCfg = Release|Any CPU
		{742D14DA-4D3D-4CFC-8BE9-0922B74EABD2}.Release|x64.Build.0 = Release|Any CPU
		{742D14DA-4D3D-4CFC-8BE9-0922B74EABD2}.Release|x86.ActiveCfg = Release|Any CPU
		{742D14DA-4D3D-4CFC-8BE9-0922B74EABD2}.Release|x86.Build.0 = Release|Any CPU
		{7C15362B-B557-40C8-9DBA-664B6322DE01}.Debug|Any CPU.ActiveCfg = Debug|Any CPU
		{7C15362B-B557-40C8-9DBA-664B6322DE01}.Debug|Any CPU.Build.0 = Debug|Any CPU
		{7C15362B-B557-40C8-9DBA-664B6322DE01}.Debug|x64.ActiveCfg = Debug|Any CPU
		{7C15362B-B557-40C8-9DBA-664B6322DE01}.Debug|x64.Build.0 = Debug|Any CPU
		{7C15362B-B557-40C8-9DBA-664B6322DE01}.Debug|x86.ActiveCfg = Debug|Any CPU
		{7C15362B-B557-40C8-9DBA-664B6322DE01}.Debug|x86.Build.0 = Debug|Any CPU
		{7C15362B-B557-40C8-9DBA-664B6322DE01}.Release|Any CPU.ActiveCfg = Release|Any CPU
		{7C15362B-B557-40C8-9DBA-664B6322DE01}.Release|Any CPU.Build.0 = Release|Any CPU
		{7C15362B-B557-40C8-9DBA-664B6322DE01}.Release|x64.ActiveCfg = Release|Any CPU
		{7C15362B-B557-40C8-9DBA-664B6322DE01}.Release|x64.Build.0 = Release|Any CPU
		{7C15362B-B557-40C8-9DBA-664B6322DE01}.Release|x86.ActiveCfg = Release|Any CPU
		{7C15362B-B557-40C8-9DBA-664B6322DE01}.Release|x86.Build.0 = Release|Any CPU
	EndGlobalSection
	GlobalSection(SolutionProperties) = preSolution
		HideSolutionNode = FALSE
	EndGlobalSection
	GlobalSection(NestedProjects) = preSolution
		{2479F724-1F04-4465-8911-64A34B35A45A} = {827E0CD3-B72D-47B6-A68D-7590B98EB39B}
		{742D14DA-4D3D-4CFC-8BE9-0922B74EABD2} = {827E0CD3-B72D-47B6-A68D-7590B98EB39B}
		{7C15362B-B557-40C8-9DBA-664B6322DE01} = {0AB3BF05-4346-4AA6-1389-037BE0695223}
	EndGlobalSection
EndGlobal
